
Microsoft Visual Studio Solution File, Format Version 12.00
# Visual Studio Version 17
VisualStudioVersion = 17.5.33516.290
MinimumVisualStudioVersion = 10.0.40219.1
Project("{FAE04EC0-301F-11D3-BF4B-00C04F79EFBC}") = "Shopping", "Shopping.csproj", "{6EC57640-637C-44DA-84C4-F44EADF7C2BE}"
EndProject
Global
	GlobalSection(SolutionConfigurationPlatforms) = preSolution
		Debug|Any CPU = Debug|Any CPU
		Release|Any CPU = Release|Any CPU
	EndGlobalSection
	GlobalSection(ProjectConfigurationPlatforms) = postSolution
		{6EC57640-637C-44DA-84C4-F44EADF7C2BE}.Debug|Any CPU.ActiveCfg = Debug|Any CPU
		{6EC57640-637C-44DA-84C4-F44EADF7C2BE}.Debug|Any CPU.Build.0 = Debug|Any CPU
		{6EC57640-637C-44DA-84C4-F44EADF7C2BE}.Release|Any CPU.ActiveCfg = Release|Any CPU
		{6EC57640-637C-44DA-84C4-F44EADF7C2BE}.Release|Any CPU.Build.0 = Release|Any CPU
	EndGlobalSection
	GlobalSection(SolutionProperties) = preSolution
		HideSolutionNode = FALSE
	EndGlobalSection
	GlobalSection(ExtensibilityGlobals) = postSolution
		SolutionGuid = {E8377A4D-E8A2-4C16-8CFF-1ACB9CCA1BC3}
	EndGlobalSection
EndGlobal
